// !$*UTF8*$!
{
	archiveVersion = 1;
	classes = {
	};
	objectVersion = 56;
	objects = {

/* Begin PBXBuildFile section */
		412CE3692B93C09200AD4BD4 /* GachaController.swift in Sources */ = {isa = PBXBuildFile; fileRef = 412CE3682B93C09200AD4BD4 /* GachaController.swift */; };
		412CE36D2B93D6C000AD4BD4 /* DrugsController.swift in Sources */ = {isa = PBXBuildFile; fileRef = 412CE36C2B93D6C000AD4BD4 /* DrugsController.swift */; };
		412CE3732B93EB6D00AD4BD4 /* theCalendar.swift in Sources */ = {isa = PBXBuildFile; fileRef = 412CE3722B93EB6D00AD4BD4 /* theCalendar.swift */; };
		412CE3752B93F1BA00AD4BD4 /* Barcode.swift in Sources */ = {isa = PBXBuildFile; fileRef = 412CE3742B93F1BA00AD4BD4 /* Barcode.swift */; };
		412CE37A2B93FB2400AD4BD4 /* CodeScanner in Frameworks */ = {isa = PBXBuildFile; productRef = 412CE3792B93FB2400AD4BD4 /* CodeScanner */; };
		413CA21F2B93B836003AD961 /* SwiftUIView.swift in Sources */ = {isa = PBXBuildFile; fileRef = 413CA21E2B93B836003AD961 /* SwiftUIView.swift */; };
		41E160622B93B5910030FBE9 /* AppDelegate.swift in Sources */ = {isa = PBXBuildFile; fileRef = 41E160612B93B5910030FBE9 /* AppDelegate.swift */; };
		41E160642B93B5910030FBE9 /* SceneDelegate.swift in Sources */ = {isa = PBXBuildFile; fileRef = 41E160632B93B5910030FBE9 /* SceneDelegate.swift */; };
		41E160662B93B5910030FBE9 /* HomeController.swift in Sources */ = {isa = PBXBuildFile; fileRef = 41E160652B93B5910030FBE9 /* HomeController.swift */; };
		41E160692B93B5910030FBE9 /* Main.storyboard in Resources */ = {isa = PBXBuildFile; fileRef = 41E160672B93B5910030FBE9 /* Main.storyboard */; };
		41E1606B2B93B5940030FBE9 /* Assets.xcassets in Resources */ = {isa = PBXBuildFile; fileRef = 41E1606A2B93B5940030FBE9 /* Assets.xcassets */; };
		41E1606E2B93B5940030FBE9 /* LaunchScreen.storyboard in Resources */ = {isa = PBXBuildFile; fileRef = 41E1606C2B93B5940030FBE9 /* LaunchScreen.storyboard */; };
/* End PBXBuildFile section */

/* Begin PBXFileReference section */
		412CE3682B93C09200AD4BD4 /* GachaController.swift */ = {isa = PBXFileReference; lastKnownFileType = sourcecode.swift; path = GachaController.swift; sourceTree = "<group>"; };
		412CE36C2B93D6C000AD4BD4 /* DrugsController.swift */ = {isa = PBXFileReference; lastKnownFileType = sourcecode.swift; path = DrugsController.swift; sourceTree = "<group>"; };
		412CE3722B93EB6D00AD4BD4 /* theCalendar.swift */ = {isa = PBXFileReference; lastKnownFileType = sourcecode.swift; path = theCalendar.swift; sourceTree = "<group>"; };
		412CE3742B93F1BA00AD4BD4 /* Barcode.swift */ = {isa = PBXFileReference; fileEncoding = 4; lastKnownFileType = sourcecode.swift; path = Barcode.swift; sourceTree = "<group>"; };
		413CA21E2B93B836003AD961 /* SwiftUIView.swift */ = {isa = PBXFileReference; lastKnownFileType = sourcecode.swift; path = SwiftUIView.swift; sourceTree = "<group>"; };
		41E1605E2B93B5910030FBE9 /* WicHacks.app */ = {isa = PBXFileReference; explicitFileType = wrapper.application; includeInIndex = 0; path = WicHacks.app; sourceTree = BUILT_PRODUCTS_DIR; };
		41E160612B93B5910030FBE9 /* AppDelegate.swift */ = {isa = PBXFileReference; lastKnownFileType = sourcecode.swift; path = AppDelegate.swift; sourceTree = "<group>"; };
		41E160632B93B5910030FBE9 /* SceneDelegate.swift */ = {isa = PBXFileReference; lastKnownFileType = sourcecode.swift; path = SceneDelegate.swift; sourceTree = "<group>"; };
		41E160652B93B5910030FBE9 /* HomeController.swift */ = {isa = PBXFileReference; lastKnownFileType = sourcecode.swift; path = HomeController.swift; sourceTree = "<group>"; };
		41E160682B93B5910030FBE9 /* Base */ = {isa = PBXFileReference; lastKnownFileType = file.storyboard; name = Base; path = Base.lproj/Main.storyboard; sourceTree = "<group>"; };
		41E1606A2B93B5940030FBE9 /* Assets.xcassets */ = {isa = PBXFileReference; lastKnownFileType = folder.assetcatalog; path = Assets.xcassets; sourceTree = "<group>"; };
		41E1606D2B93B5940030FBE9 /* Base */ = {isa = PBXFileReference; lastKnownFileType = file.storyboard; name = Base; path = Base.lproj/LaunchScreen.storyboard; sourceTree = "<group>"; };
		41E1606F2B93B5940030FBE9 /* Info.plist */ = {isa = PBXFileReference; lastKnownFileType = text.plist.xml; path = Info.plist; sourceTree = "<group>"; };
/* End PBXFileReference section */

/* Begin PBXFrameworksBuildPhase section */
		41E1605B2B93B5910030FBE9 /* Frameworks */ = {
			isa = PBXFrameworksBuildPhase;
			buildActionMask = 2147483647;
			files = (
				412CE37A2B93FB2400AD4BD4 /* CodeScanner in Frameworks */,
			);
			runOnlyForDeploymentPostprocessing = 0;
		};
/* End PBXFrameworksBuildPhase section */

/* Begin PBXGroup section */
		41E160552B93B5910030FBE9 = {
			isa = PBXGroup;
			children = (
				41E160602B93B5910030FBE9 /* WicHacks */,
				41E1605F2B93B5910030FBE9 /* Products */,
			);
			sourceTree = "<group>";
		};
		41E1605F2B93B5910030FBE9 /* Products */ = {
			isa = PBXGroup;
			children = (
				41E1605E2B93B5910030FBE9 /* WicHacks.app */,
			);
			name = Products;
			sourceTree = "<group>";
		};
		41E160602B93B5910030FBE9 /* WicHacks */ = {
			isa = PBXGroup;
			children = (
				41E160612B93B5910030FBE9 /* AppDelegate.swift */,
				41E160632B93B5910030FBE9 /* SceneDelegate.swift */,
				41E160652B93B5910030FBE9 /* HomeController.swift */,
				41E160672B93B5910030FBE9 /* Main.storyboard */,
				412CE3742B93F1BA00AD4BD4 /* Barcode.swift */,
				412CE3722B93EB6D00AD4BD4 /* theCalendar.swift */,
				412CE36C2B93D6C000AD4BD4 /* DrugsController.swift */,
				412CE3682B93C09200AD4BD4 /* GachaController.swift */,
				41E1606A2B93B5940030FBE9 /* Assets.xcassets */,
				41E1606C2B93B5940030FBE9 /* LaunchScreen.storyboard */,
				41E1606F2B93B5940030FBE9 /* Info.plist */,
				413CA21E2B93B836003AD961 /* SwiftUIView.swift */,
			);
			path = WicHacks;
			sourceTree = "<group>";
		};
/* End PBXGroup section */

/* Begin PBXNativeTarget section */
		41E1605D2B93B5910030FBE9 /* WicHacks */ = {
			isa = PBXNativeTarget;
			buildConfigurationList = 41E160722B93B5940030FBE9 /* Build configuration list for PBXNativeTarget "WicHacks" */;
			buildPhases = (
				41E1605A2B93B5910030FBE9 /* Sources */,
				41E1605B2B93B5910030FBE9 /* Frameworks */,
				41E1605C2B93B5910030FBE9 /* Resources */,
			);
			buildRules = (
			);
			dependencies = (
			);
			name = WicHacks;
			packageProductDependencies = (
				412CE3792B93FB2400AD4BD4 /* CodeScanner */,
			);
			productName = WicHacks;
			productReference = 41E1605E2B93B5910030FBE9 /* WicHacks.app */;
			productType = "com.apple.product-type.application";
		};
/* End PBXNativeTarget section */

/* Begin PBXProject section */
		41E160562B93B5910030FBE9 /* Project object */ = {
			isa = PBXProject;
			attributes = {
				BuildIndependentTargetsInParallel = 1;
				LastSwiftUpdateCheck = 1520;
				LastUpgradeCheck = 1520;
				TargetAttributes = {
					41E1605D2B93B5910030FBE9 = {
						CreatedOnToolsVersion = 15.2;
					};
				};
			};
			buildConfigurationList = 41E160592B93B5910030FBE9 /* Build configuration list for PBXProject "WicHacks" */;
			compatibilityVersion = "Xcode 14.0";
			developmentRegion = en;
			hasScannedForEncodings = 0;
			knownRegions = (
				en,
				Base,
			);
			mainGroup = 41E160552B93B5910030FBE9;
			packageReferences = (
				412CE3782B93FB2400AD4BD4 /* XCRemoteSwiftPackageReference "CodeScanner" */,
			);
			productRefGroup = 41E1605F2B93B5910030FBE9 /* Products */;
			projectDirPath = "";
			projectRoot = "";
			targets = (
				41E1605D2B93B5910030FBE9 /* WicHacks */,
			);
		};
/* End PBXProject section */

/* Begin PBXResourcesBuildPhase section */
		41E1605C2B93B5910030FBE9 /* Resources */ = {
			isa = PBXResourcesBuildPhase;
			buildActionMask = 2147483647;
			files = (
				41E1606E2B93B5940030FBE9 /* LaunchScreen.storyboard in Resources */,
				41E1606B2B93B5940030FBE9 /* Assets.xcassets in Resources */,
				41E160692B93B5910030FBE9 /* Main.storyboard in Resources */,
			);
			runOnlyForDeploymentPostprocessing = 0;
		};
/* End PBXResourcesBuildPhase section */

/* Begin PBXSourcesBuildPhase section */
		41E1605A2B93B5910030FBE9 /* Sources */ = {
			isa = PBXSourcesBuildPhase;
			buildActionMask = 2147483647;
			files = (
				412CE3752B93F1BA00AD4BD4 /* Barcode.swift in Sources */,
				412CE3692B93C09200AD4BD4 /* GachaController.swift in Sources */,
				412CE36D2B93D6C000AD4BD4 /* DrugsController.swift in Sources */,
				41E160662B93B5910030FBE9 /* HomeController.swift in Sources */,
				41E160622B93B5910030FBE9 /* AppDelegate.swift in Sources */,
				413CA21F2B93B836003AD961 /* SwiftUIView.swift in Sources */,
				41E160642B93B5910030FBE9 /* SceneDelegate.swift in Sources */,
				412CE3732B93EB6D00AD4BD4 /* theCalendar.swift in Sources */,
			);
			runOnlyForDeploymentPostprocessing = 0;
		};
/* End PBXSourcesBuildPhase section */

/* Begin PBXVariantGroup section */
		41E160672B93B5910030FBE9 /* Main.storyboard */ = {
			isa = PBXVariantGroup;
			children = (
				41E160682B93B5910030FBE9 /* Base */,
			);
			name = Main.storyboard;
			sourceTree = "<group>";
		};
		41E1606C2B93B5940030FBE9 /* LaunchScreen.storyboard */ = {
			isa = PBXVariantGroup;
			children = (
				41E1606D2B93B5940030FBE9 /* Base */,
			);
			name = LaunchScreen.storyboard;
			sourceTree = "<group>";
		};
/* End PBXVariantGroup section */

/* Begin XCBuildConfiguration section */
		41E160702B93B5940030FBE9 /* Debug */ = {
			isa = XCBuildConfiguration;
			buildSettings = {
				ALWAYS_SEARCH_USER_PATHS = NO;
				ASSETCATALOG_COMPILER_GENERATE_SWIFT_ASSET_SYMBOL_EXTENSIONS = YES;
				CLANG_ANALYZER_NONNULL = YES;
				CLANG_ANALYZER_NUMBER_OBJECT_CONVERSION = YES_AGGRESSIVE;
				CLANG_CXX_LANGUAGE_STANDARD = "gnu++20";
				CLANG_ENABLE_MODULES = YES;
				CLANG_ENABLE_OBJC_ARC = YES;
				CLANG_ENABLE_OBJC_WEAK = YES;
				CLANG_WARN_BLOCK_CAPTURE_AUTORELEASING = YES;
				CLANG_WARN_BOOL_CONVERSION = YES;
				CLANG_WARN_COMMA = YES;
				CLANG_WARN_CONSTANT_CONVERSION = YES;
				CLANG_WARN_DEPRECATED_OBJC_IMPLEMENTATIONS = YES;
				CLANG_WARN_DIRECT_OBJC_ISA_USAGE = YES_ERROR;
				CLANG_WARN_DOCUMENTATION_COMMENTS = YES;
				CLANG_WARN_EMPTY_BODY = YES;
				CLANG_WARN_ENUM_CONVERSION = YES;
				CLANG_WARN_INFINITE_RECURSION = YES;
				CLANG_WARN_INT_CONVERSION = YES;
				CLANG_WARN_NON_LITERAL_NULL_CONVERSION = YES;
				CLANG_WARN_OBJC_IMPLICIT_RETAIN_SELF = YES;
				CLANG_WARN_OBJC_LITERAL_CONVERSION = YES;
				CLANG_WARN_OBJC_ROOT_CLASS = YES_ERROR;
				CLANG_WARN_QUOTED_INCLUDE_IN_FRAMEWORK_HEADER = YES;
				CLANG_WARN_RANGE_LOOP_ANALYSIS = YES;
				CLANG_WARN_STRICT_PROTOTYPES = YES;
				CLANG_WARN_SUSPICIOUS_MOVE = YES;
				CLANG_WARN_UNGUARDED_AVAILABILITY = YES_AGGRESSIVE;
				CLANG_WARN_UNREACHABLE_CODE = YES;
				CLANG_WARN__DUPLICATE_METHOD_MATCH = YES;
				COPY_PHASE_STRIP = NO;
				DEBUG_INFORMATION_FORMAT = dwarf;
				ENABLE_STRICT_OBJC_MSGSEND = YES;
				ENABLE_TESTABILITY = YES;
				ENABLE_USER_SCRIPT_SANDBOXING = YES;
				GCC_C_LANGUAGE_STANDARD = gnu17;
				GCC_DYNAMIC_NO_PIC = NO;
				GCC_NO_COMMON_BLOCKS = YES;
				GCC_OPTIMIZATION_LEVEL = 0;
				GCC_PREPROCESSOR_DEFINITIONS = (
					"DEBUG=1",
					"$(inherited)",
				);
				GCC_WARN_64_TO_32_BIT_CONVERSION = YES;
				GCC_WARN_ABOUT_RETURN_TYPE = YES_ERROR;
				GCC_WARN_UNDECLARED_SELECTOR = YES;
				GCC_WARN_UNINITIALIZED_AUTOS = YES_AGGRESSIVE;
				GCC_WARN_UNUSED_FUNCTION = YES;
				GCC_WARN_UNUSED_VARIABLE = YES;
				IPHONEOS_DEPLOYMENT_TARGET = 17.2;
				LOCALIZATION_PREFERS_STRING_CATALOGS = YES;
				MTL_ENABLE_DEBUG_INFO = INCLUDE_SOURCE;
				MTL_FAST_MATH = YES;
				ONLY_ACTIVE_ARCH = YES;
				SDKROOT = iphoneos;
				SWIFT_ACTIVE_COMPILATION_CONDITIONS = "DEBUG $(inherited)";
				SWIFT_OPTIMIZATION_LEVEL = "-Onone";
			};
			name = Debug;
		};
		41E160712B93B5940030FBE9 /* Release */ = {
			isa = XCBuildConfiguration;
			buildSettings = {
				ALWAYS_SEARCH_USER_PATHS = NO;
				ASSETCATALOG_COMPILER_GENERATE_SWIFT_ASSET_SYMBOL_EXTENSIONS = YES;
				CLANG_ANALYZER_NONNULL = YES;
				CLANG_ANALYZER_NUMBER_OBJECT_CONVERSION = YES_AGGRESSIVE;
				CLANG_CXX_LANGUAGE_STANDARD = "gnu++20";
				CLANG_ENABLE_MODULES = YES;
				CLANG_ENABLE_OBJC_ARC = YES;
				CLANG_ENABLE_OBJC_WEAK = YES;
				CLANG_WARN_BLOCK_CAPTURE_AUTORELEASING = YES;
				CLANG_WARN_BOOL_CONVERSION = YES;
				CLANG_WARN_COMMA = YES;
				CLANG_WARN_CONSTANT_CONVERSION = YES;
				CLANG_WARN_DEPRECATED_OBJC_IMPLEMENTATIONS = YES;
				CLANG_WARN_DIRECT_OBJC_ISA_USAGE = YES_ERROR;
				CLANG_WARN_DOCUMENTATION_COMMENTS = YES;
				CLANG_WARN_EMPTY_BODY = YES;
				CLANG_WARN_ENUM_CONVERSION = YES;
				CLANG_WARN_INFINITE_RECURSION = YES;
				CLANG_WARN_INT_CONVERSION = YES;
				CLANG_WARN_NON_LITERAL_NULL_CONVERSION = YES;
				CLANG_WARN_OBJC_IMPLICIT_RETAIN_SELF = YES;
				CLANG_WARN_OBJC_LITERAL_CONVERSION = YES;
				CLANG_WARN_OBJC_ROOT_CLASS = YES_ERROR;
				CLANG_WARN_QUOTED_INCLUDE_IN_FRAMEWORK_HEADER = YES;
				CLANG_WARN_RANGE_LOOP_ANALYSIS = YES;
				CLANG_WARN_STRICT_PROTOTYPES = YES;
				CLANG_WARN_SUSPICIOUS_MOVE = YES;
				CLANG_WARN_UNGUARDED_AVAILABILITY = YES_AGGRESSIVE;
				CLANG_WARN_UNREACHABLE_CODE = YES;
				CLANG_WARN__DUPLICATE_METHOD_MATCH = YES;
				COPY_PHASE_STRIP = NO;
				DEBUG_INFORMATION_FORMAT = "dwarf-with-dsym";
				ENABLE_NS_ASSERTIONS = NO;
				ENABLE_STRICT_OBJC_MSGSEND = YES;
				ENABLE_USER_SCRIPT_SANDBOXING = YES;
				GCC_C_LANGUAGE_STANDARD = gnu17;
				GCC_NO_COMMON_BLOCKS = YES;
				GCC_WARN_64_TO_32_BIT_CONVERSION = YES;
				GCC_WARN_ABOUT_RETURN_TYPE = YES_ERROR;
				GCC_WARN_UNDECLARED_SELECTOR = YES;
				GCC_WARN_UNINITIALIZED_AUTOS = YES_AGGRESSIVE;
				GCC_WARN_UNUSED_FUNCTION = YES;
				GCC_WARN_UNUSED_VARIABLE = YES;
				IPHONEOS_DEPLOYMENT_TARGET = 17.2;
				LOCALIZATION_PREFERS_STRING_CATALOGS = YES;
				MTL_ENABLE_DEBUG_INFO = NO;
				MTL_FAST_MATH = YES;
				SDKROOT = iphoneos;
				SWIFT_COMPILATION_MODE = wholemodule;
				VALIDATE_PRODUCT = YES;
			};
			name = Release;
		};
		41E160732B93B5940030FBE9 /* Debug */ = {
			isa = XCBuildConfiguration;
			buildSettings = {
				ASSETCATALOG_COMPILER_APPICON_NAME = AppIcon;
				ASSETCATALOG_COMPILER_GLOBAL_ACCENT_COLOR_NAME = AccentColor;
				CODE_SIGN_STYLE = Automatic;
				CURRENT_PROJECT_VERSION = 1;
				DEVELOPMENT_TEAM = Y53PTQV7BB;
				GENERATE_INFOPLIST_FILE = YES;
				INFOPLIST_FILE = WicHacks/Info.plist;
				INFOPLIST_KEY_NSCameraUsageDescription = "Ask to use camera";
				INFOPLIST_KEY_UIApplicationSupportsIndirectInputEvents = YES;
				INFOPLIST_KEY_UILaunchStoryboardName = LaunchScreen;
				INFOPLIST_KEY_UIMainStoryboardFile = Main;
				INFOPLIST_KEY_UISupportedInterfaceOrientations_iPad = "UIInterfaceOrientationPortrait UIInterfaceOrientationPortraitUpsideDown UIInterfaceOrientationLandscapeLeft UIInterfaceOrientationLandscapeRight";
				INFOPLIST_KEY_UISupportedInterfaceOrientations_iPhone = "UIInterfaceOrientationPortrait UIInterfaceOrientationLandscapeLeft UIInterfaceOrientationLandscapeRight";
				LD_RUNPATH_SEARCH_PATHS = (
					"$(inherited)",
					"@executable_path/Frameworks",
				);
				MARKETING_VERSION = 1.0;
				PRODUCT_BUNDLE_IDENTIFIER = test.WicHacks;
				PRODUCT_NAME = "$(TARGET_NAME)";
				SWIFT_EMIT_LOC_STRINGS = YES;
				SWIFT_VERSION = 5.0;
				TARGETED_DEVICE_FAMILY = "1,2";
			};
			name = Debug;
		};
		41E160742B93B5940030FBE9 /* Release */ = {
			isa = XCBuildConfiguration;
			buildSettings = {
				ASSETCATALOG_COMPILER_APPICON_NAME = AppIcon;
				ASSETCATALOG_COMPILER_GLOBAL_ACCENT_COLOR_NAME = AccentColor;
				CODE_SIGN_STYLE = Automatic;
				CURRENT_PROJECT_VERSION = 1;
				DEVELOPMENT_TEAM = Y53PTQV7BB;
				GENERATE_INFOPLIST_FILE = YES;
				INFOPLIST_FILE = WicHacks/Info.plist;
				INFOPLIST_KEY_NSCameraUsageDescription = "Ask to use camera";
				INFOPLIST_KEY_UIApplicationSupportsIndirectInputEvents = YES;
				INFOPLIST_KEY_UILaunchStoryboardName = LaunchScreen;
				INFOPLIST_KEY_UIMainStoryboardFile = Main;
				INFOPLIST_KEY_UISupportedInterfaceOrientations_iPad = "UIInterfaceOrientationPortrait UIInterfaceOrientationPortraitUpsideDown UIInterfaceOrientationLandscapeLeft UIInterfaceOrientationLandscapeRight";
				INFOPLIST_KEY_UISupportedInterfaceOrientations_iPhone = "UIInterfaceOrientationPortrait UIInterfaceOrientationLandscapeLeft UIInterfaceOrientationLandscapeRight";
				LD_RUNPATH_SEARCH_PATHS = (
					"$(inherited)",
					"@executable_path/Frameworks",
				);
				MARKETING_VERSION = 1.0;
				PRODUCT_BUNDLE_IDENTIFIER = test.WicHacks;
				PRODUCT_NAME = "$(TARGET_NAME)";
				SWIFT_EMIT_LOC_STRINGS = YES;
				SWIFT_VERSION = 5.0;
				TARGETED_DEVICE_FAMILY = "1,2";
			};
			name = Release;
		};
/* End XCBuildConfiguration section */

/* Begin XCConfigurationList section */
		41E160592B93B5910030FBE9 /* Build configuration list for PBXProject "WicHacks" */ = {
			isa = XCConfigurationList;
			buildConfigurations = (
				41E160702B93B5940030FBE9 /* Debug */,
				41E160712B93B5940030FBE9 /* Release */,
			);
			defaultConfigurationIsVisible = 0;
			defaultConfigurationName = Release;
		};
		41E160722B93B5940030FBE9 /* Build configuration list for PBXNativeTarget "WicHacks" */ = {
			isa = XCConfigurationList;
			buildConfigurations = (
				41E160732B93B5940030FBE9 /* Debug */,
				41E160742B93B5940030FBE9 /* Release */,
			);
			defaultConfigurationIsVisible = 0;
			defaultConfigurationName = Release;
		};
/* End XCConfigurationList section */

/* Begin XCRemoteSwiftPackageReference section */
		412CE3782B93FB2400AD4BD4 /* XCRemoteSwiftPackageReference "CodeScanner" */ = {
			isa = XCRemoteSwiftPackageReference;
			repositoryURL = "http://github.com/twostraws/CodeScanner";
			requirement = {
				kind = upToNextMajorVersion;
				minimumVersion = 2.4.0;
			};
		};
/* End XCRemoteSwiftPackageReference section */

/* Begin XCSwiftPackageProductDependency section */
		412CE3792B93FB2400AD4BD4 /* CodeScanner */ = {
			isa = XCSwiftPackageProductDependency;
			package = 412CE3782B93FB2400AD4BD4 /* XCRemoteSwiftPackageReference "CodeScanner" */;
			productName = CodeScanner;
		};
/* End XCSwiftPackageProductDependency section */
	};
	rootObject = 41E160562B93B5910030FBE9 /* Project object */;
}
